
Microsoft Visual Studio Solution File, Format Version 12.00
# Visual Studio Version 17
VisualStudioVersion = 17.4.33403.182
MinimumVisualStudioVersion = 10.0.40219.1
Project("{8BC9CEB8-8B4A-11D0-8D11-00A0C91BC942}") = "Project20", "Project20\Project20.vcxproj", "{97CA9A94-A113-4DDD-899B-D2F726001923}"
EndProject
Project("{8BC9CEB8-8B4A-11D0-8D11-00A0C91BC942}") = "Project1", "Project1\Project1.vcxproj", "{FF3C67DF-6AD9-4778-873B-042A1D442C43}"
EndProject
Global
	GlobalSection(SolutionConfigurationPlatforms) = preSolution
		Debug|x64 = Debug|x64
		Debug|x86 = Debug|x86
		Release|x64 = Release|x64
		Release|x86 = Release|x86
	EndGlobalSection
	GlobalSection(ProjectConfigurationPlatforms) = postSolution
		{97CA9A94-A113-4DDD-899B-D2F726001923}.Debug|x64.ActiveCfg = Debug|x64
		{97CA9A94-A113-4DDD-899B-D2F726001923}.Debug|x64.Build.0 = Debug|x64
		{97CA9A94-A113-4DDD-899B-D2F726001923}.Debug|x86.ActiveCfg = Debug|Win32
		{97CA9A94-A113-4DDD-899B-D2F726001923}.Debug|x86.Build.0 = Debug|Win32
		{97CA9A94-A113-4DDD-899B-D2F726001923}.Release|x64.ActiveCfg = Release|x64
		{97CA9A94-A113-4DDD-899B-D2F726001923}.Release|x64.Build.0 = Release|x64
		{97CA9A94-A113-4DDD-899B-D2F726001923}.Release|x86.ActiveCfg = Release|Win32
		{97CA9A94-A113-4DDD-899B-D2F726001923}.Release|x86.Build.0 = Release|Win32
		{FF3C67DF-6AD9-4778-873B-042A1D442C43}.Debug|x64.ActiveCfg = Debug|x64
		{FF3C67DF-6AD9-4778-873B-042A1D442C43}.Debug|x64.Build.0 = Debug|x64
		{FF3C67DF-6AD9-4778-873B-042A1D442C43}.Debug|x86.ActiveCfg = Debug|Win32
		{FF3C67DF-6AD9-4778-873B-042A1D442C43}.Debug|x86.Build.0 = Debug|Win32
		{FF3C67DF-6AD9-4778-873B-042A1D442C43}.Release|x64.ActiveCfg = Release|x64
		{FF3C67DF-6AD9-4778-873B-042A1D442C43}.Release|x64.Build.0 = Release|x64
		{FF3C67DF-6AD9-4778-873B-042A1D442C43}.Release|x86.ActiveCfg = Release|Win32
		{FF3C67DF-6AD9-4778-873B-042A1D442C43}.Release|x86.Build.0 = Release|Win32
	EndGlobalSection
	GlobalSection(SolutionProperties) = preSolution
		HideSolutionNode = FALSE
	EndGlobalSection
	GlobalSection(ExtensibilityGlobals) = postSolution
		SolutionGuid = {083F635C-BB8C-42CE-AFE7-F641B6148663}
	EndGlobalSection
EndGlobal
